// !$*UTF8*$!
{
	archiveVersion = 1;
	classes = {
	};
	objectVersion = 56;
	objects = {

/* Begin PBXBuildFile section */
		37A4E2E929D8A97800AD2B3E /* AppDelegate.swift in Sources */ = {isa = PBXBuildFile; fileRef = 37A4E2E829D8A97800AD2B3E /* AppDelegate.swift */; };
		37A4E2EB29D8A97800AD2B3E /* SceneDelegate.swift in Sources */ = {isa = PBXBuildFile; fileRef = 37A4E2EA29D8A97800AD2B3E /* SceneDelegate.swift */; };
		37A4E2ED29D8A97800AD2B3E /* TabBarController.swift in Sources */ = {isa = PBXBuildFile; fileRef = 37A4E2EC29D8A97800AD2B3E /* TabBarController.swift */; };
		37A4E2F229D8A97800AD2B3E /* Assets.xcassets in Resources */ = {isa = PBXBuildFile; fileRef = 37A4E2F129D8A97800AD2B3E /* Assets.xcassets */; };
		37A4E2F529D8A97800AD2B3E /* LaunchScreen.storyboard in Resources */ = {isa = PBXBuildFile; fileRef = 37A4E2F329D8A97800AD2B3E /* LaunchScreen.storyboard */; };
		37A4E2FF29D8ABF600AD2B3E /* APIKey.swift in Sources */ = {isa = PBXBuildFile; fileRef = 37A4E2FE29D8ABF600AD2B3E /* APIKey.swift */; };
		37A4E30129D8AC4900AD2B3E /* Theme.swift in Sources */ = {isa = PBXBuildFile; fileRef = 37A4E30029D8AC4900AD2B3E /* Theme.swift */; };
		37A4E30429D8ACF800AD2B3E /* OnboardingViewController.swift in Sources */ = {isa = PBXBuildFile; fileRef = 37A4E30329D8ACF800AD2B3E /* OnboardingViewController.swift */; };
		37A4E30629D8B6CD00AD2B3E /* SearchViewController.swift in Sources */ = {isa = PBXBuildFile; fileRef = 37A4E30529D8B6CD00AD2B3E /* SearchViewController.swift */; };
		37A4E30829D8B71900AD2B3E /* PlayViewController.swift in Sources */ = {isa = PBXBuildFile; fileRef = 37A4E30729D8B71900AD2B3E /* PlayViewController.swift */; };
		37A4E30A29D8B73700AD2B3E /* FavouriteViewController.swift in Sources */ = {isa = PBXBuildFile; fileRef = 37A4E30929D8B73700AD2B3E /* FavouriteViewController.swift */; };
		37A4E30C29D8B75400AD2B3E /* PersonViewController.swift in Sources */ = {isa = PBXBuildFile; fileRef = 37A4E30B29D8B75400AD2B3E /* PersonViewController.swift */; };
		37A4E30F29D8B7E500AD2B3E /* UIViewController+Utilities.swift in Sources */ = {isa = PBXBuildFile; fileRef = 37A4E30E29D8B7E500AD2B3E /* UIViewController+Utilities.swift */; };
		37A4E31129D8BFA000AD2B3E /* HomeViewController.swift in Sources */ = {isa = PBXBuildFile; fileRef = 37A4E31029D8BFA000AD2B3E /* HomeViewController.swift */; };
		37A4E31729E1697800AD2B3E /* OnboardingScreens.swift in Sources */ = {isa = PBXBuildFile; fileRef = 37A4E31629E1697800AD2B3E /* OnboardingScreens.swift */; };
		37A4E31A29E2C65800AD2B3E /* MainDetailsView.swift in Sources */ = {isa = PBXBuildFile; fileRef = 37A4E31929E2C65800AD2B3E /* MainDetailsView.swift */; };
		37A4E31C29E2C67200AD2B3E /* MainDetailsTableViewCell.swift in Sources */ = {isa = PBXBuildFile; fileRef = 37A4E31B29E2C67200AD2B3E /* MainDetailsTableViewCell.swift */; };
		37A4E31E29E2C78500AD2B3E /* MainDetailsViewController.swift in Sources */ = {isa = PBXBuildFile; fileRef = 37A4E31D29E2C78500AD2B3E /* MainDetailsViewController.swift */; };
		37A4E32229E4AC3300AD2B3E /* OnboardingPage.swift in Sources */ = {isa = PBXBuildFile; fileRef = 37A4E32129E4AC3300AD2B3E /* OnboardingPage.swift */; };
		37A4E32429E4AC5500AD2B3E /* PageControlIndicator.swift in Sources */ = {isa = PBXBuildFile; fileRef = 37A4E32329E4AC5500AD2B3E /* PageControlIndicator.swift */; };
		37A4E32629E4AC8300AD2B3E /* OnboardingButton.swift in Sources */ = {isa = PBXBuildFile; fileRef = 37A4E32529E4AC8300AD2B3E /* OnboardingButton.swift */; };
		37A4E32929E8B3CB00AD2B3E /* SnapKit in Frameworks */ = {isa = PBXBuildFile; productRef = 37A4E32829E8B3CB00AD2B3E /* SnapKit */; };
		5109B15129DF3E2D001F090A /* CreateAccountController.swift in Sources */ = {isa = PBXBuildFile; fileRef = 5109B15029DF3E2D001F090A /* CreateAccountController.swift */; };
		5109B15329DF3ED8001F090A /* SignUpController.swift in Sources */ = {isa = PBXBuildFile; fileRef = 5109B15229DF3ED8001F090A /* SignUpController.swift */; };
		6D03485929E986CD00801CED /* SaveMovieCoreDataModel.xcdatamodeld in Sources */ = {isa = PBXBuildFile; fileRef = 6D03485729E986CD00801CED /* SaveMovieCoreDataModel.xcdatamodeld */; };
		6D03485B29E987D800801CED /* MovieCoreDataModel.swift in Sources */ = {isa = PBXBuildFile; fileRef = 6D03485A29E987D800801CED /* MovieCoreDataModel.swift */; };
		6DCCD1CA29E028CD0012549E /* PlayView.swift in Sources */ = {isa = PBXBuildFile; fileRef = 6DCCD1C929E028CD0012549E /* PlayView.swift */; };
		6DCCD1CC29E02AC20012549E /* PlayTableViewCell.swift in Sources */ = {isa = PBXBuildFile; fileRef = 6DCCD1CB29E02AC20012549E /* PlayTableViewCell.swift */; };
		6DCCD1CE29E02AD90012549E /* PlayCollectionViewCell.swift in Sources */ = {isa = PBXBuildFile; fileRef = 6DCCD1CD29E02AD90012549E /* PlayCollectionViewCell.swift */; };
		6DCCD1D129E02B6E0012549E /* CustomTableViewCell.swift in Sources */ = {isa = PBXBuildFile; fileRef = 6DCCD1D029E02B6E0012549E /* CustomTableViewCell.swift */; };
		6DCCD1D429E030ED0012549E /* FavoritesView.swift in Sources */ = {isa = PBXBuildFile; fileRef = 6DCCD1D329E030ED0012549E /* FavoritesView.swift */; };
		6DCCD1D629E031590012549E /* FavoritesTableViewCell.swift in Sources */ = {isa = PBXBuildFile; fileRef = 6DCCD1D529E031590012549E /* FavoritesTableViewCell.swift */; };
		6DD59DAC29DBF9E7001D33BC /* SearchView.swift in Sources */ = {isa = PBXBuildFile; fileRef = 6DD59DAB29DBF9E7001D33BC /* SearchView.swift */; };
		6DD59DAE29DBFBAB001D33BC /* AddSubviews.swift in Sources */ = {isa = PBXBuildFile; fileRef = 6DD59DAD29DBFBAB001D33BC /* AddSubviews.swift */; };
		6DD59DB129DC0248001D33BC /* SearchTableViewCell.swift in Sources */ = {isa = PBXBuildFile; fileRef = 6DD59DB029DC0248001D33BC /* SearchTableViewCell.swift */; };
		6DD59DB329DC10A1001D33BC /* UILabel.swift in Sources */ = {isa = PBXBuildFile; fileRef = 6DD59DB229DC10A1001D33BC /* UILabel.swift */; };
		6DD59DB729DC1A3C001D33BC /* SearchCollectionViewCell.swift in Sources */ = {isa = PBXBuildFile; fileRef = 6DD59DB629DC1A3C001D33BC /* SearchCollectionViewCell.swift */; };
		8020BC1B29E1F72300284430 /* UserInfoHeaderView.swift in Sources */ = {isa = PBXBuildFile; fileRef = 8020BC0729E1F72300284430 /* UserInfoHeaderView.swift */; };
		8020BC1C29E1F72300284430 /* SettingsModel.swift in Sources */ = {isa = PBXBuildFile; fileRef = 8020BC0829E1F72300284430 /* SettingsModel.swift */; };
		8020BC1D29E1F72300284430 /* SettingSwitchCell.swift in Sources */ = {isa = PBXBuildFile; fileRef = 8020BC0929E1F72300284430 /* SettingSwitchCell.swift */; };
		8020BC1E29E1F72300284430 /* SettingCell.swift in Sources */ = {isa = PBXBuildFile; fileRef = 8020BC0A29E1F72300284430 /* SettingCell.swift */; };
		8020BC1F29E1F72300284430 /* SettingsViewController.swift in Sources */ = {isa = PBXBuildFile; fileRef = 8020BC0B29E1F72300284430 /* SettingsViewController.swift */; };
		8020BC2029E1F72300284430 /* ChangePasswordViewController.swift in Sources */ = {isa = PBXBuildFile; fileRef = 8020BC0D29E1F72300284430 /* ChangePasswordViewController.swift */; };
		8020BC2129E1F72300284430 /* ProfileGenderInputView.swift in Sources */ = {isa = PBXBuildFile; fileRef = 8020BC0F29E1F72300284430 /* ProfileGenderInputView.swift */; };
		8020BC2229E1F72300284430 /* TextInputView.swift in Sources */ = {isa = PBXBuildFile; fileRef = 8020BC1029E1F72300284430 /* TextInputView.swift */; };
		8020BC2329E1F72300284430 /* ProfileImageView.swift in Sources */ = {isa = PBXBuildFile; fileRef = 8020BC1129E1F72300284430 /* ProfileImageView.swift */; };
		8020BC2429E1F72300284430 /* ChangePictureView.swift in Sources */ = {isa = PBXBuildFile; fileRef = 8020BC1329E1F72300284430 /* ChangePictureView.swift */; };
		8020BC2529E1F72300284430 /* ChangePictureViewController.swift in Sources */ = {isa = PBXBuildFile; fileRef = 8020BC1429E1F72300284430 /* ChangePictureViewController.swift */; };
		8020BC2629E1F72300284430 /* ChangePictureButton.swift in Sources */ = {isa = PBXBuildFile; fileRef = 8020BC1529E1F72300284430 /* ChangePictureButton.swift */; };
		8020BC2729E1F72300284430 /* ProfileViewController.swift in Sources */ = {isa = PBXBuildFile; fileRef = 8020BC1629E1F72300284430 /* ProfileViewController.swift */; };
		8020BC2829E1F72300284430 /* ProfileDateInputView.swift in Sources */ = {isa = PBXBuildFile; fileRef = 8020BC1729E1F72300284430 /* ProfileDateInputView.swift */; };
		8020BC2929E1F72300284430 /* GenderButton.swift in Sources */ = {isa = PBXBuildFile; fileRef = 8020BC1829E1F72300284430 /* GenderButton.swift */; };
		8020BC2A29E1F72300284430 /* ForgotPasswordViewController.swift in Sources */ = {isa = PBXBuildFile; fileRef = 8020BC1A29E1F72300284430 /* ForgotPasswordViewController.swift */; };
		8020BC4529E7203A00284430 /* PosterCell.swift in Sources */ = {isa = PBXBuildFile; fileRef = 8020BC3E29E7203900284430 /* PosterCell.swift */; };
		8020BC4629E7203A00284430 /* HomeMockData.swift in Sources */ = {isa = PBXBuildFile; fileRef = 8020BC3F29E7203900284430 /* HomeMockData.swift */; };
		8020BC4729E7203A00284430 /* ListItem.swift in Sources */ = {isa = PBXBuildFile; fileRef = 8020BC4029E7203900284430 /* ListItem.swift */; };
		8020BC4829E7203A00284430 /* ListSection.swift in Sources */ = {isa = PBXBuildFile; fileRef = 8020BC4129E7203900284430 /* ListSection.swift */; };
		8020BC4929E7203A00284430 /* HomeView.swift in Sources */ = {isa = PBXBuildFile; fileRef = 8020BC4229E7203900284430 /* HomeView.swift */; };
		8020BC4A29E7203A00284430 /* HeaderSupplementaryView.swift in Sources */ = {isa = PBXBuildFile; fileRef = 8020BC4329E7203900284430 /* HeaderSupplementaryView.swift */; };
		8020BC4B29E7203A00284430 /* ExampleCell.swift in Sources */ = {isa = PBXBuildFile; fileRef = 8020BC4429E7203A00284430 /* ExampleCell.swift */; };
		806F3CCB29F0BF710072800D /* HeaderSeeAllView.swift in Sources */ = {isa = PBXBuildFile; fileRef = 806F3CCA29F0BF710072800D /* HeaderSeeAllView.swift */; };
		F636613C29E57D8B004A7E3C /* NetworkService.swift in Sources */ = {isa = PBXBuildFile; fileRef = F636613B29E57D8B004A7E3C /* NetworkService.swift */; };
		F636614F29E6B0AC004A7E3C /* GenreResult.swift in Sources */ = {isa = PBXBuildFile; fileRef = F636614E29E6B0AC004A7E3C /* GenreResult.swift */; };
		F636615129E71B88004A7E3C /* Media.swift in Sources */ = {isa = PBXBuildFile; fileRef = F636615029E71B88004A7E3C /* Media.swift */; };
		F636615329E73E6D004A7E3C /* MediaResult.swift in Sources */ = {isa = PBXBuildFile; fileRef = F636615229E73E6D004A7E3C /* MediaResult.swift */; };
		F64DEB1E29E9973400E69440 /* DetailMediaResult.swift in Sources */ = {isa = PBXBuildFile; fileRef = F64DEB1D29E9973400E69440 /* DetailMediaResult.swift */; };
		F64DEB2029E9989100E69440 /* DetailMedia.swift in Sources */ = {isa = PBXBuildFile; fileRef = F64DEB1F29E9989100E69440 /* DetailMedia.swift */; };
		F64DEB2229E9B95800E69440 /* CreditsResult.swift in Sources */ = {isa = PBXBuildFile; fileRef = F64DEB2129E9B95800E69440 /* CreditsResult.swift */; };
		F6AC3FD929E2B14C008437B0 /* DetailViewController.swift in Sources */ = {isa = PBXBuildFile; fileRef = F6AC3FD829E2B14C008437B0 /* DetailViewController.swift */; };
		F6AC3FDB29E2B169008437B0 /* CastAndCrewCell.swift in Sources */ = {isa = PBXBuildFile; fileRef = F6AC3FDA29E2B169008437B0 /* CastAndCrewCell.swift */; };
		F6AC3FDD29E2BA0E008437B0 /* URLSession+Extensions.swift in Sources */ = {isa = PBXBuildFile; fileRef = F6AC3FDC29E2BA0E008437B0 /* URLSession+Extensions.swift */; };
/* End PBXBuildFile section */

/* Begin PBXFileReference section */
		37A4E2E529D8A97800AD2B3E /* SMovie.app */ = {isa = PBXFileReference; explicitFileType = wrapper.application; includeInIndex = 0; path = SMovie.app; sourceTree = BUILT_PRODUCTS_DIR; };
		37A4E2E829D8A97800AD2B3E /* AppDelegate.swift */ = {isa = PBXFileReference; lastKnownFileType = sourcecode.swift; path = AppDelegate.swift; sourceTree = "<group>"; };
		37A4E2EA29D8A97800AD2B3E /* SceneDelegate.swift */ = {isa = PBXFileReference; lastKnownFileType = sourcecode.swift; path = SceneDelegate.swift; sourceTree = "<group>"; };
		37A4E2EC29D8A97800AD2B3E /* TabBarController.swift */ = {isa = PBXFileReference; lastKnownFileType = sourcecode.swift; path = TabBarController.swift; sourceTree = "<group>"; };
		37A4E2F129D8A97800AD2B3E /* Assets.xcassets */ = {isa = PBXFileReference; lastKnownFileType = folder.assetcatalog; path = Assets.xcassets; sourceTree = "<group>"; };
		37A4E2F429D8A97800AD2B3E /* Base */ = {isa = PBXFileReference; lastKnownFileType = file.storyboard; name = Base; path = Base.lproj/LaunchScreen.storyboard; sourceTree = "<group>"; };
		37A4E2F629D8A97800AD2B3E /* Info.plist */ = {isa = PBXFileReference; lastKnownFileType = text.plist.xml; path = Info.plist; sourceTree = "<group>"; };
		37A4E2FE29D8ABF600AD2B3E /* APIKey.swift */ = {isa = PBXFileReference; lastKnownFileType = sourcecode.swift; path = APIKey.swift; sourceTree = "<group>"; };
		37A4E30029D8AC4900AD2B3E /* Theme.swift */ = {isa = PBXFileReference; lastKnownFileType = sourcecode.swift; path = Theme.swift; sourceTree = "<group>"; };
		37A4E30329D8ACF800AD2B3E /* OnboardingViewController.swift */ = {isa = PBXFileReference; lastKnownFileType = sourcecode.swift; path = OnboardingViewController.swift; sourceTree = "<group>"; };
		37A4E30529D8B6CD00AD2B3E /* SearchViewController.swift */ = {isa = PBXFileReference; lastKnownFileType = sourcecode.swift; path = SearchViewController.swift; sourceTree = "<group>"; };
		37A4E30729D8B71900AD2B3E /* PlayViewController.swift */ = {isa = PBXFileReference; lastKnownFileType = sourcecode.swift; path = PlayViewController.swift; sourceTree = "<group>"; };
		37A4E30929D8B73700AD2B3E /* FavouriteViewController.swift */ = {isa = PBXFileReference; lastKnownFileType = sourcecode.swift; path = FavouriteViewController.swift; sourceTree = "<group>"; };
		37A4E30B29D8B75400AD2B3E /* PersonViewController.swift */ = {isa = PBXFileReference; lastKnownFileType = sourcecode.swift; path = PersonViewController.swift; sourceTree = "<group>"; };
		37A4E30E29D8B7E500AD2B3E /* UIViewController+Utilities.swift */ = {isa = PBXFileReference; lastKnownFileType = sourcecode.swift; path = "UIViewController+Utilities.swift"; sourceTree = "<group>"; };
		37A4E31029D8BFA000AD2B3E /* HomeViewController.swift */ = {isa = PBXFileReference; lastKnownFileType = sourcecode.swift; path = HomeViewController.swift; sourceTree = "<group>"; };
		37A4E31629E1697800AD2B3E /* OnboardingScreens.swift */ = {isa = PBXFileReference; lastKnownFileType = sourcecode.swift; path = OnboardingScreens.swift; sourceTree = "<group>"; };
		37A4E31929E2C65800AD2B3E /* MainDetailsView.swift */ = {isa = PBXFileReference; lastKnownFileType = sourcecode.swift; path = MainDetailsView.swift; sourceTree = "<group>"; };
		37A4E31B29E2C67200AD2B3E /* MainDetailsTableViewCell.swift */ = {isa = PBXFileReference; lastKnownFileType = sourcecode.swift; path = MainDetailsTableViewCell.swift; sourceTree = "<group>"; };
		37A4E31D29E2C78500AD2B3E /* MainDetailsViewController.swift */ = {isa = PBXFileReference; lastKnownFileType = sourcecode.swift; path = MainDetailsViewController.swift; sourceTree = "<group>"; };
		37A4E32129E4AC3300AD2B3E /* OnboardingPage.swift */ = {isa = PBXFileReference; lastKnownFileType = sourcecode.swift; path = OnboardingPage.swift; sourceTree = "<group>"; };
		37A4E32329E4AC5500AD2B3E /* PageControlIndicator.swift */ = {isa = PBXFileReference; lastKnownFileType = sourcecode.swift; path = PageControlIndicator.swift; sourceTree = "<group>"; };
		37A4E32529E4AC8300AD2B3E /* OnboardingButton.swift */ = {isa = PBXFileReference; lastKnownFileType = sourcecode.swift; path = OnboardingButton.swift; sourceTree = "<group>"; };
		5109B15029DF3E2D001F090A /* CreateAccountController.swift */ = {isa = PBXFileReference; lastKnownFileType = sourcecode.swift; path = CreateAccountController.swift; sourceTree = "<group>"; };
		5109B15229DF3ED8001F090A /* SignUpController.swift */ = {isa = PBXFileReference; lastKnownFileType = sourcecode.swift; path = SignUpController.swift; sourceTree = "<group>"; };
		6D03485829E986CD00801CED /* SaveMovieCoreDataModel.xcdatamodel */ = {isa = PBXFileReference; lastKnownFileType = wrapper.xcdatamodel; path = SaveMovieCoreDataModel.xcdatamodel; sourceTree = "<group>"; };
		6D03485A29E987D800801CED /* MovieCoreDataModel.swift */ = {isa = PBXFileReference; lastKnownFileType = sourcecode.swift; path = MovieCoreDataModel.swift; sourceTree = "<group>"; };
		6DCCD1C929E028CD0012549E /* PlayView.swift */ = {isa = PBXFileReference; lastKnownFileType = sourcecode.swift; path = PlayView.swift; sourceTree = "<group>"; };
		6DCCD1CB29E02AC20012549E /* PlayTableViewCell.swift */ = {isa = PBXFileReference; lastKnownFileType = sourcecode.swift; path = PlayTableViewCell.swift; sourceTree = "<group>"; };
		6DCCD1CD29E02AD90012549E /* PlayCollectionViewCell.swift */ = {isa = PBXFileReference; lastKnownFileType = sourcecode.swift; path = PlayCollectionViewCell.swift; sourceTree = "<group>"; };
		6DCCD1D029E02B6E0012549E /* CustomTableViewCell.swift */ = {isa = PBXFileReference; lastKnownFileType = sourcecode.swift; path = CustomTableViewCell.swift; sourceTree = "<group>"; };
		6DCCD1D329E030ED0012549E /* FavoritesView.swift */ = {isa = PBXFileReference; lastKnownFileType = sourcecode.swift; path = FavoritesView.swift; sourceTree = "<group>"; };
		6DCCD1D529E031590012549E /* FavoritesTableViewCell.swift */ = {isa = PBXFileReference; lastKnownFileType = sourcecode.swift; path = FavoritesTableViewCell.swift; sourceTree = "<group>"; };
		6DD59DAB29DBF9E7001D33BC /* SearchView.swift */ = {isa = PBXFileReference; lastKnownFileType = sourcecode.swift; path = SearchView.swift; sourceTree = "<group>"; };
		6DD59DAD29DBFBAB001D33BC /* AddSubviews.swift */ = {isa = PBXFileReference; lastKnownFileType = sourcecode.swift; path = AddSubviews.swift; sourceTree = "<group>"; };
		6DD59DB029DC0248001D33BC /* SearchTableViewCell.swift */ = {isa = PBXFileReference; lastKnownFileType = sourcecode.swift; path = SearchTableViewCell.swift; sourceTree = "<group>"; };
		6DD59DB229DC10A1001D33BC /* UILabel.swift */ = {isa = PBXFileReference; lastKnownFileType = sourcecode.swift; path = UILabel.swift; sourceTree = "<group>"; };
		6DD59DB629DC1A3C001D33BC /* SearchCollectionViewCell.swift */ = {isa = PBXFileReference; lastKnownFileType = sourcecode.swift; path = SearchCollectionViewCell.swift; sourceTree = "<group>"; };
		8020BC0729E1F72300284430 /* UserInfoHeaderView.swift */ = {isa = PBXFileReference; fileEncoding = 4; lastKnownFileType = sourcecode.swift; path = UserInfoHeaderView.swift; sourceTree = "<group>"; };
		8020BC0829E1F72300284430 /* SettingsModel.swift */ = {isa = PBXFileReference; fileEncoding = 4; lastKnownFileType = sourcecode.swift; path = SettingsModel.swift; sourceTree = "<group>"; };
		8020BC0929E1F72300284430 /* SettingSwitchCell.swift */ = {isa = PBXFileReference; fileEncoding = 4; lastKnownFileType = sourcecode.swift; path = SettingSwitchCell.swift; sourceTree = "<group>"; };
		8020BC0A29E1F72300284430 /* SettingCell.swift */ = {isa = PBXFileReference; fileEncoding = 4; lastKnownFileType = sourcecode.swift; path = SettingCell.swift; sourceTree = "<group>"; };
		8020BC0B29E1F72300284430 /* SettingsViewController.swift */ = {isa = PBXFileReference; fileEncoding = 4; lastKnownFileType = sourcecode.swift; path = SettingsViewController.swift; sourceTree = "<group>"; };
		8020BC0D29E1F72300284430 /* ChangePasswordViewController.swift */ = {isa = PBXFileReference; fileEncoding = 4; lastKnownFileType = sourcecode.swift; path = ChangePasswordViewController.swift; sourceTree = "<group>"; };
		8020BC0F29E1F72300284430 /* ProfileGenderInputView.swift */ = {isa = PBXFileReference; fileEncoding = 4; lastKnownFileType = sourcecode.swift; path = ProfileGenderInputView.swift; sourceTree = "<group>"; };
		8020BC1029E1F72300284430 /* TextInputView.swift */ = {isa = PBXFileReference; fileEncoding = 4; lastKnownFileType = sourcecode.swift; path = TextInputView.swift; sourceTree = "<group>"; };
		8020BC1129E1F72300284430 /* ProfileImageView.swift */ = {isa = PBXFileReference; fileEncoding = 4; lastKnownFileType = sourcecode.swift; path = ProfileImageView.swift; sourceTree = "<group>"; };
		8020BC1329E1F72300284430 /* ChangePictureView.swift */ = {isa = PBXFileReference; fileEncoding = 4; lastKnownFileType = sourcecode.swift; path = ChangePictureView.swift; sourceTree = "<group>"; };
		8020BC1429E1F72300284430 /* ChangePictureViewController.swift */ = {isa = PBXFileReference; fileEncoding = 4; lastKnownFileType = sourcecode.swift; path = ChangePictureViewController.swift; sourceTree = "<group>"; };
		8020BC1529E1F72300284430 /* ChangePictureButton.swift */ = {isa = PBXFileReference; fileEncoding = 4; lastKnownFileType = sourcecode.swift; path = ChangePictureButton.swift; sourceTree = "<group>"; };
		8020BC1629E1F72300284430 /* ProfileViewController.swift */ = {isa = PBXFileReference; fileEncoding = 4; lastKnownFileType = sourcecode.swift; path = ProfileViewController.swift; sourceTree = "<group>"; };
		8020BC1729E1F72300284430 /* ProfileDateInputView.swift */ = {isa = PBXFileReference; fileEncoding = 4; lastKnownFileType = sourcecode.swift; path = ProfileDateInputView.swift; sourceTree = "<group>"; };
		8020BC1829E1F72300284430 /* GenderButton.swift */ = {isa = PBXFileReference; fileEncoding = 4; lastKnownFileType = sourcecode.swift; path = GenderButton.swift; sourceTree = "<group>"; };
		8020BC1A29E1F72300284430 /* ForgotPasswordViewController.swift */ = {isa = PBXFileReference; fileEncoding = 4; lastKnownFileType = sourcecode.swift; path = ForgotPasswordViewController.swift; sourceTree = "<group>"; };
		8020BC3E29E7203900284430 /* PosterCell.swift */ = {isa = PBXFileReference; fileEncoding = 4; lastKnownFileType = sourcecode.swift; path = PosterCell.swift; sourceTree = "<group>"; };
		8020BC3F29E7203900284430 /* HomeMockData.swift */ = {isa = PBXFileReference; fileEncoding = 4; lastKnownFileType = sourcecode.swift; path = HomeMockData.swift; sourceTree = "<group>"; };
		8020BC4029E7203900284430 /* ListItem.swift */ = {isa = PBXFileReference; fileEncoding = 4; lastKnownFileType = sourcecode.swift; path = ListItem.swift; sourceTree = "<group>"; };
		8020BC4129E7203900284430 /* ListSection.swift */ = {isa = PBXFileReference; fileEncoding = 4; lastKnownFileType = sourcecode.swift; path = ListSection.swift; sourceTree = "<group>"; };
		8020BC4229E7203900284430 /* HomeView.swift */ = {isa = PBXFileReference; fileEncoding = 4; lastKnownFileType = sourcecode.swift; path = HomeView.swift; sourceTree = "<group>"; };
		8020BC4329E7203900284430 /* HeaderSupplementaryView.swift */ = {isa = PBXFileReference; fileEncoding = 4; lastKnownFileType = sourcecode.swift; path = HeaderSupplementaryView.swift; sourceTree = "<group>"; };
		8020BC4429E7203A00284430 /* ExampleCell.swift */ = {isa = PBXFileReference; fileEncoding = 4; lastKnownFileType = sourcecode.swift; path = ExampleCell.swift; sourceTree = "<group>"; };
		806F3CCA29F0BF710072800D /* HeaderSeeAllView.swift */ = {isa = PBXFileReference; lastKnownFileType = sourcecode.swift; path = HeaderSeeAllView.swift; sourceTree = "<group>"; };
		F636613B29E57D8B004A7E3C /* NetworkService.swift */ = {isa = PBXFileReference; lastKnownFileType = sourcecode.swift; path = NetworkService.swift; sourceTree = "<group>"; };
		F636614E29E6B0AC004A7E3C /* GenreResult.swift */ = {isa = PBXFileReference; lastKnownFileType = sourcecode.swift; path = GenreResult.swift; sourceTree = "<group>"; };
		F636615029E71B88004A7E3C /* Media.swift */ = {isa = PBXFileReference; lastKnownFileType = sourcecode.swift; path = Media.swift; sourceTree = "<group>"; };
		F636615229E73E6D004A7E3C /* MediaResult.swift */ = {isa = PBXFileReference; lastKnownFileType = sourcecode.swift; path = MediaResult.swift; sourceTree = "<group>"; };
		F64DEB1D29E9973400E69440 /* DetailMediaResult.swift */ = {isa = PBXFileReference; lastKnownFileType = sourcecode.swift; path = DetailMediaResult.swift; sourceTree = "<group>"; };
		F64DEB1F29E9989100E69440 /* DetailMedia.swift */ = {isa = PBXFileReference; lastKnownFileType = sourcecode.swift; path = DetailMedia.swift; sourceTree = "<group>"; };
		F64DEB2129E9B95800E69440 /* CreditsResult.swift */ = {isa = PBXFileReference; lastKnownFileType = sourcecode.swift; path = CreditsResult.swift; sourceTree = "<group>"; };
		F6AC3FD829E2B14C008437B0 /* DetailViewController.swift */ = {isa = PBXFileReference; lastKnownFileType = sourcecode.swift; path = DetailViewController.swift; sourceTree = "<group>"; };
		F6AC3FDA29E2B169008437B0 /* CastAndCrewCell.swift */ = {isa = PBXFileReference; lastKnownFileType = sourcecode.swift; path = CastAndCrewCell.swift; sourceTree = "<group>"; };
		F6AC3FDC29E2BA0E008437B0 /* URLSession+Extensions.swift */ = {isa = PBXFileReference; lastKnownFileType = sourcecode.swift; path = "URLSession+Extensions.swift"; sourceTree = "<group>"; };
/* End PBXFileReference section */

/* Begin PBXFrameworksBuildPhase section */
		37A4E2E229D8A97800AD2B3E /* Frameworks */ = {
			isa = PBXFrameworksBuildPhase;
			buildActionMask = 2147483647;
			files = (
				37A4E32929E8B3CB00AD2B3E /* SnapKit in Frameworks */,
			);
			runOnlyForDeploymentPostprocessing = 0;
		};
/* End PBXFrameworksBuildPhase section */

/* Begin PBXGroup section */
		37A4E2DC29D8A97800AD2B3E = {
			isa = PBXGroup;
			children = (
				37A4E2E729D8A97800AD2B3E /* SMovie */,
				37A4E2E629D8A97800AD2B3E /* Products */,
			);
			sourceTree = "<group>";
		};
		37A4E2E629D8A97800AD2B3E /* Products */ = {
			isa = PBXGroup;
			children = (
				37A4E2E529D8A97800AD2B3E /* SMovie.app */,
			);
			name = Products;
			sourceTree = "<group>";
		};
		37A4E2E729D8A97800AD2B3E /* SMovie */ = {
			isa = PBXGroup;
			children = (
				F636613D29E587BE004A7E3C /* Model */,
				F636613A29E57D76004A7E3C /* Service */,
				37A4E2FC29D8AAB800AD2B3E /* App */,
				6DD59DAA29DBF9B3001D33BC /* Views */,
				37A4E30229D8ACE400AD2B3E /* Controllers */,
				8020BC3D29E7202000284430 /* Home */,
				8020BC0529E1F72300284430 /* Settings */,
				37A4E2FD29D8AACB00AD2B3E /* Resources */,
			);
			path = SMovie;
			sourceTree = "<group>";
		};
		37A4E2FC29D8AAB800AD2B3E /* App */ = {
			isa = PBXGroup;
			children = (
				37A4E30D29D8B7B900AD2B3E /* Extensions */,
				37A4E2E829D8A97800AD2B3E /* AppDelegate.swift */,
				37A4E2EA29D8A97800AD2B3E /* SceneDelegate.swift */,
				37A4E2FE29D8ABF600AD2B3E /* APIKey.swift */,
				37A4E30029D8AC4900AD2B3E /* Theme.swift */,
			);
			path = App;
			sourceTree = "<group>";
		};
		37A4E2FD29D8AACB00AD2B3E /* Resources */ = {
			isa = PBXGroup;
			children = (
				37A4E2F129D8A97800AD2B3E /* Assets.xcassets */,
				37A4E2F329D8A97800AD2B3E /* LaunchScreen.storyboard */,
				37A4E2F629D8A97800AD2B3E /* Info.plist */,
			);
			path = Resources;
			sourceTree = "<group>";
		};
		37A4E30229D8ACE400AD2B3E /* Controllers */ = {
			isa = PBXGroup;
			children = (
				F6AC3FD729E2B12D008437B0 /* DetailViewController */,
				37A4E2EC29D8A97800AD2B3E /* TabBarController.swift */,
				37A4E30529D8B6CD00AD2B3E /* SearchViewController.swift */,
				37A4E30729D8B71900AD2B3E /* PlayViewController.swift */,
				37A4E30929D8B73700AD2B3E /* FavouriteViewController.swift */,
				37A4E30B29D8B75400AD2B3E /* PersonViewController.swift */,
				5109B15029DF3E2D001F090A /* CreateAccountController.swift */,
				5109B15229DF3ED8001F090A /* SignUpController.swift */,
				37A4E31D29E2C78500AD2B3E /* MainDetailsViewController.swift */,
			);
			path = Controllers;
			sourceTree = "<group>";
		};
		37A4E30D29D8B7B900AD2B3E /* Extensions */ = {
			isa = PBXGroup;
			children = (
				37A4E30E29D8B7E500AD2B3E /* UIViewController+Utilities.swift */,
				6DD59DAD29DBFBAB001D33BC /* AddSubviews.swift */,
				6DD59DB229DC10A1001D33BC /* UILabel.swift */,
				F6AC3FDC29E2BA0E008437B0 /* URLSession+Extensions.swift */,
			);
			path = Extensions;
			sourceTree = "<group>";
		};
		37A4E31529E1694800AD2B3E /* Onboarding */ = {
			isa = PBXGroup;
			children = (
				37A4E30329D8ACF800AD2B3E /* OnboardingViewController.swift */,
				37A4E31629E1697800AD2B3E /* OnboardingScreens.swift */,
				37A4E32129E4AC3300AD2B3E /* OnboardingPage.swift */,
				37A4E32329E4AC5500AD2B3E /* PageControlIndicator.swift */,
				37A4E32529E4AC8300AD2B3E /* OnboardingButton.swift */,
			);
			path = Onboarding;
			sourceTree = "<group>";
		};
		37A4E31829E2C61C00AD2B3E /* MainScreen */ = {
			isa = PBXGroup;
			children = (
				37A4E31929E2C65800AD2B3E /* MainDetailsView.swift */,
				37A4E31B29E2C67200AD2B3E /* MainDetailsTableViewCell.swift */,
			);
			path = MainScreen;
			sourceTree = "<group>";
		};
		6D03485629E9869500801CED /* CoreData */ = {
			isa = PBXGroup;
			children = (
				6D03485729E986CD00801CED /* SaveMovieCoreDataModel.xcdatamodeld */,
				6D03485A29E987D800801CED /* MovieCoreDataModel.swift */,
			);
			path = CoreData;
			sourceTree = "<group>";
		};
		6DCCD1C829E028950012549E /* Play */ = {
			isa = PBXGroup;
			children = (
				6DCCD1C929E028CD0012549E /* PlayView.swift */,
				6DCCD1CB29E02AC20012549E /* PlayTableViewCell.swift */,
				6DCCD1CD29E02AD90012549E /* PlayCollectionViewCell.swift */,
			);
			path = Play;
			sourceTree = "<group>";
		};
		6DCCD1CF29E02B4E0012549E /* Custom */ = {
			isa = PBXGroup;
			children = (
				6DCCD1D029E02B6E0012549E /* CustomTableViewCell.swift */,
			);
			path = Custom;
			sourceTree = "<group>";
		};
		6DCCD1D229E030D10012549E /* Favorites */ = {
			isa = PBXGroup;
			children = (
				6DCCD1D329E030ED0012549E /* FavoritesView.swift */,
				6DCCD1D529E031590012549E /* FavoritesTableViewCell.swift */,
			);
			path = Favorites;
			sourceTree = "<group>";
		};
		6DD59DAA29DBF9B3001D33BC /* Views */ = {
			isa = PBXGroup;
			children = (
				37A4E31829E2C61C00AD2B3E /* MainScreen */,
				37A4E31529E1694800AD2B3E /* Onboarding */,
				6DCCD1CF29E02B4E0012549E /* Custom */,
				6DD59DAF29DC0226001D33BC /* Search */,
				6DCCD1C829E028950012549E /* Play */,
				6DCCD1D229E030D10012549E /* Favorites */,
			);
			path = Views;
			sourceTree = "<group>";
		};
		6DD59DAF29DC0226001D33BC /* Search */ = {
			isa = PBXGroup;
			children = (
				6DD59DAB29DBF9E7001D33BC /* SearchView.swift */,
				6DD59DB029DC0248001D33BC /* SearchTableViewCell.swift */,
				6DD59DB629DC1A3C001D33BC /* SearchCollectionViewCell.swift */,
			);
			path = Search;
			sourceTree = "<group>";
		};
		8020BC0529E1F72300284430 /* Settings */ = {
			isa = PBXGroup;
			children = (
				8020BC0629E1F72300284430 /* Settings */,
				8020BC0E29E1F72300284430 /* Profile  */,
				8020BC0C29E1F72300284430 /* Change Password */,
				8020BC1929E1F72300284430 /* Forgot Password */,
			);
			path = Settings;
			sourceTree = "<group>";
		};
		8020BC0629E1F72300284430 /* Settings */ = {
			isa = PBXGroup;
			children = (
				8020BC0729E1F72300284430 /* UserInfoHeaderView.swift */,
				8020BC0829E1F72300284430 /* SettingsModel.swift */,
				8020BC0929E1F72300284430 /* SettingSwitchCell.swift */,
				8020BC0A29E1F72300284430 /* SettingCell.swift */,
				8020BC0B29E1F72300284430 /* SettingsViewController.swift */,
			);
			path = Settings;
			sourceTree = "<group>";
		};
		8020BC0C29E1F72300284430 /* Change Password */ = {
			isa = PBXGroup;
			children = (
				8020BC0D29E1F72300284430 /* ChangePasswordViewController.swift */,
			);
			path = "Change Password";
			sourceTree = "<group>";
		};
		8020BC0E29E1F72300284430 /* Profile  */ = {
			isa = PBXGroup;
			children = (
				8020BC1229E1F72300284430 /* Change Photo */,
				8020BC1629E1F72300284430 /* ProfileViewController.swift */,
				8020BC1129E1F72300284430 /* ProfileImageView.swift */,
				8020BC1729E1F72300284430 /* ProfileDateInputView.swift */,
				8020BC0F29E1F72300284430 /* ProfileGenderInputView.swift */,
				8020BC1029E1F72300284430 /* TextInputView.swift */,
				8020BC1829E1F72300284430 /* GenderButton.swift */,
			);
			path = "Profile ";
			sourceTree = "<group>";
		};
		8020BC1229E1F72300284430 /* Change Photo */ = {
			isa = PBXGroup;
			children = (
				8020BC1329E1F72300284430 /* ChangePictureView.swift */,
				8020BC1429E1F72300284430 /* ChangePictureViewController.swift */,
				8020BC1529E1F72300284430 /* ChangePictureButton.swift */,
			);
			path = "Change Photo";
			sourceTree = "<group>";
		};
		8020BC1929E1F72300284430 /* Forgot Password */ = {
			isa = PBXGroup;
			children = (
				8020BC1A29E1F72300284430 /* ForgotPasswordViewController.swift */,
			);
			path = "Forgot Password";
			sourceTree = "<group>";
		};
		8020BC3D29E7202000284430 /* Home */ = {
			isa = PBXGroup;
			children = (
				37A4E31029D8BFA000AD2B3E /* HomeViewController.swift */,
				8020BC4229E7203900284430 /* HomeView.swift */,
				8020BC4429E7203A00284430 /* ExampleCell.swift */,
				8020BC3E29E7203900284430 /* PosterCell.swift */,
				8020BC4329E7203900284430 /* HeaderSupplementaryView.swift */,
				806F3CCA29F0BF710072800D /* HeaderSeeAllView.swift */,
				8020BC3F29E7203900284430 /* HomeMockData.swift */,
				8020BC4029E7203900284430 /* ListItem.swift */,
				8020BC4129E7203900284430 /* ListSection.swift */,
			);
			path = Home;
			sourceTree = "<group>";
		};
		F636613A29E57D76004A7E3C /* Service */ = {
			isa = PBXGroup;
			children = (
				F636613B29E57D8B004A7E3C /* NetworkService.swift */,
			);
			path = Service;
			sourceTree = "<group>";
		};
		F636613D29E587BE004A7E3C /* Model */ = {
			isa = PBXGroup;
			children = (
				F64DEB1F29E9989100E69440 /* DetailMedia.swift */,
				F64DEB1D29E9973400E69440 /* DetailMediaResult.swift */,
				6D03485629E9869500801CED /* CoreData */,
				F636614E29E6B0AC004A7E3C /* GenreResult.swift */,
				F636615029E71B88004A7E3C /* Media.swift */,
				F636615229E73E6D004A7E3C /* MediaResult.swift */,
				F64DEB2129E9B95800E69440 /* CreditsResult.swift */,
			);
			path = Model;
			sourceTree = "<group>";
		};
		F6AC3FD729E2B12D008437B0 /* DetailViewController */ = {
			isa = PBXGroup;
			children = (
				F6AC3FD829E2B14C008437B0 /* DetailViewController.swift */,
				F6AC3FDA29E2B169008437B0 /* CastAndCrewCell.swift */,
			);
			path = DetailViewController;
			sourceTree = "<group>";
		};
/* End PBXGroup section */

/* Begin PBXNativeTarget section */
		37A4E2E429D8A97800AD2B3E /* SMovie */ = {
			isa = PBXNativeTarget;
			buildConfigurationList = 37A4E2F929D8A97800AD2B3E /* Build configuration list for PBXNativeTarget "SMovie" */;
			buildPhases = (
				37A4E2E129D8A97800AD2B3E /* Sources */,
				37A4E2E229D8A97800AD2B3E /* Frameworks */,
				37A4E2E329D8A97800AD2B3E /* Resources */,
			);
			buildRules = (
			);
			dependencies = (
			);
			name = SMovie;
			packageProductDependencies = (
				37A4E32829E8B3CB00AD2B3E /* SnapKit */,
			);
			productName = SMovie;
			productReference = 37A4E2E529D8A97800AD2B3E /* SMovie.app */;
			productType = "com.apple.product-type.application";
		};
/* End PBXNativeTarget section */

/* Begin PBXProject section */
		37A4E2DD29D8A97800AD2B3E /* Project object */ = {
			isa = PBXProject;
			attributes = {
				BuildIndependentTargetsInParallel = 1;
				LastSwiftUpdateCheck = 1430;
				LastUpgradeCheck = 1430;
				TargetAttributes = {
					37A4E2E429D8A97800AD2B3E = {
						CreatedOnToolsVersion = 14.3;
					};
				};
			};
			buildConfigurationList = 37A4E2E029D8A97800AD2B3E /* Build configuration list for PBXProject "SMovie" */;
			compatibilityVersion = "Xcode 14.0";
			developmentRegion = en;
			hasScannedForEncodings = 0;
			knownRegions = (
				en,
				Base,
			);
			mainGroup = 37A4E2DC29D8A97800AD2B3E;
			packageReferences = (
				37A4E32729E8B3CB00AD2B3E /* XCRemoteSwiftPackageReference "SnapKit" */,
			);
			productRefGroup = 37A4E2E629D8A97800AD2B3E /* Products */;
			projectDirPath = "";
			projectRoot = "";
			targets = (
				37A4E2E429D8A97800AD2B3E /* SMovie */,
			);
		};
/* End PBXProject section */

/* Begin PBXResourcesBuildPhase section */
		37A4E2E329D8A97800AD2B3E /* Resources */ = {
			isa = PBXResourcesBuildPhase;
			buildActionMask = 2147483647;
			files = (
				37A4E2F529D8A97800AD2B3E /* LaunchScreen.storyboard in Resources */,
				37A4E2F229D8A97800AD2B3E /* Assets.xcassets in Resources */,
			);
			runOnlyForDeploymentPostprocessing = 0;
		};
/* End PBXResourcesBuildPhase section */

/* Begin PBXSourcesBuildPhase section */
		37A4E2E129D8A97800AD2B3E /* Sources */ = {
			isa = PBXSourcesBuildPhase;
			buildActionMask = 2147483647;
			files = (
				F636614F29E6B0AC004A7E3C /* GenreResult.swift in Sources */,
				5109B15329DF3ED8001F090A /* SignUpController.swift in Sources */,
				8020BC2329E1F72300284430 /* ProfileImageView.swift in Sources */,
				8020BC4529E7203A00284430 /* PosterCell.swift in Sources */,
				8020BC2429E1F72300284430 /* ChangePictureView.swift in Sources */,
				8020BC2629E1F72300284430 /* ChangePictureButton.swift in Sources */,
				6DCCD1D429E030ED0012549E /* FavoritesView.swift in Sources */,
				37A4E32229E4AC3300AD2B3E /* OnboardingPage.swift in Sources */,
				6DCCD1CC29E02AC20012549E /* PlayTableViewCell.swift in Sources */,
				37A4E31C29E2C67200AD2B3E /* MainDetailsTableViewCell.swift in Sources */,
				F64DEB1E29E9973400E69440 /* DetailMediaResult.swift in Sources */,
				8020BC1B29E1F72300284430 /* UserInfoHeaderView.swift in Sources */,
				8020BC4729E7203A00284430 /* ListItem.swift in Sources */,
				8020BC2929E1F72300284430 /* GenderButton.swift in Sources */,
				8020BC2729E1F72300284430 /* ProfileViewController.swift in Sources */,
				37A4E30829D8B71900AD2B3E /* PlayViewController.swift in Sources */,
				37A4E30F29D8B7E500AD2B3E /* UIViewController+Utilities.swift in Sources */,
				6DCCD1D629E031590012549E /* FavoritesTableViewCell.swift in Sources */,
				F636613C29E57D8B004A7E3C /* NetworkService.swift in Sources */,
				8020BC2829E1F72300284430 /* ProfileDateInputView.swift in Sources */,
				8020BC1C29E1F72300284430 /* SettingsModel.swift in Sources */,
				8020BC4A29E7203A00284430 /* HeaderSupplementaryView.swift in Sources */,
				6DCCD1D129E02B6E0012549E /* CustomTableViewCell.swift in Sources */,
				806F3CCB29F0BF710072800D /* HeaderSeeAllView.swift in Sources */,
				37A4E2ED29D8A97800AD2B3E /* TabBarController.swift in Sources */,
				6DCCD1CE29E02AD90012549E /* PlayCollectionViewCell.swift in Sources */,
				F636615329E73E6D004A7E3C /* MediaResult.swift in Sources */,
				F636615129E71B88004A7E3C /* Media.swift in Sources */,
				8020BC1D29E1F72300284430 /* SettingSwitchCell.swift in Sources */,
				37A4E30629D8B6CD00AD2B3E /* SearchViewController.swift in Sources */,
				37A4E31E29E2C78500AD2B3E /* MainDetailsViewController.swift in Sources */,
				8020BC2029E1F72300284430 /* ChangePasswordViewController.swift in Sources */,
				37A4E30429D8ACF800AD2B3E /* OnboardingViewController.swift in Sources */,
				37A4E30A29D8B73700AD2B3E /* FavouriteViewController.swift in Sources */,
				8020BC2529E1F72300284430 /* ChangePictureViewController.swift in Sources */,
				6DCCD1CA29E028CD0012549E /* PlayView.swift in Sources */,
				37A4E31A29E2C65800AD2B3E /* MainDetailsView.swift in Sources */,
				8020BC4929E7203A00284430 /* HomeView.swift in Sources */,
				8020BC2A29E1F72300284430 /* ForgotPasswordViewController.swift in Sources */,
				F6AC3FD929E2B14C008437B0 /* DetailViewController.swift in Sources */,
				F64DEB2229E9B95800E69440 /* CreditsResult.swift in Sources */,
				37A4E32429E4AC5500AD2B3E /* PageControlIndicator.swift in Sources */,
				6DD59DB329DC10A1001D33BC /* UILabel.swift in Sources */,
				6D03485B29E987D800801CED /* MovieCoreDataModel.swift in Sources */,
				5109B15129DF3E2D001F090A /* CreateAccountController.swift in Sources */,
				37A4E30C29D8B75400AD2B3E /* PersonViewController.swift in Sources */,
				37A4E32629E4AC8300AD2B3E /* OnboardingButton.swift in Sources */,
				8020BC2129E1F72300284430 /* ProfileGenderInputView.swift in Sources */,
				37A4E2E929D8A97800AD2B3E /* AppDelegate.swift in Sources */,
				6DD59DAC29DBF9E7001D33BC /* SearchView.swift in Sources */,
				8020BC2229E1F72300284430 /* TextInputView.swift in Sources */,
				37A4E31729E1697800AD2B3E /* OnboardingScreens.swift in Sources */,
				6DD59DB129DC0248001D33BC /* SearchTableViewCell.swift in Sources */,
				6D03485929E986CD00801CED /* SaveMovieCoreDataModel.xcdatamodeld in Sources */,
				F6AC3FDD29E2BA0E008437B0 /* URLSession+Extensions.swift in Sources */,
				6DD59DB729DC1A3C001D33BC /* SearchCollectionViewCell.swift in Sources */,
				37A4E30129D8AC4900AD2B3E /* Theme.swift in Sources */,
				37A4E2FF29D8ABF600AD2B3E /* APIKey.swift in Sources */,
				8020BC1F29E1F72300284430 /* SettingsViewController.swift in Sources */,
				8020BC4829E7203A00284430 /* ListSection.swift in Sources */,
				8020BC4629E7203A00284430 /* HomeMockData.swift in Sources */,
				37A4E2EB29D8A97800AD2B3E /* SceneDelegate.swift in Sources */,
				8020BC4B29E7203A00284430 /* ExampleCell.swift in Sources */,
				37A4E31129D8BFA000AD2B3E /* HomeViewController.swift in Sources */,
				6DD59DAE29DBFBAB001D33BC /* AddSubviews.swift in Sources */,
				F64DEB2029E9989100E69440 /* DetailMedia.swift in Sources */,
				8020BC1E29E1F72300284430 /* SettingCell.swift in Sources */,
				F6AC3FDB29E2B169008437B0 /* CastAndCrewCell.swift in Sources */,
			);
			runOnlyForDeploymentPostprocessing = 0;
		};
/* End PBXSourcesBuildPhase section */

/* Begin PBXVariantGroup section */
		37A4E2F329D8A97800AD2B3E /* LaunchScreen.storyboard */ = {
			isa = PBXVariantGroup;
			children = (
				37A4E2F429D8A97800AD2B3E /* Base */,
			);
			name = LaunchScreen.storyboard;
			sourceTree = "<group>";
		};
/* End PBXVariantGroup section */

/* Begin XCBuildConfiguration section */
		37A4E2F729D8A97800AD2B3E /* Debug */ = {
			isa = XCBuildConfiguration;
			buildSettings = {
				ALWAYS_SEARCH_USER_PATHS = NO;
				CLANG_ANALYZER_NONNULL = YES;
				CLANG_ANALYZER_NUMBER_OBJECT_CONVERSION = YES_AGGRESSIVE;
				CLANG_CXX_LANGUAGE_STANDARD = "gnu++20";
				CLANG_ENABLE_MODULES = YES;
				CLANG_ENABLE_OBJC_ARC = YES;
				CLANG_ENABLE_OBJC_WEAK = YES;
				CLANG_WARN_BLOCK_CAPTURE_AUTORELEASING = YES;
				CLANG_WARN_BOOL_CONVERSION = YES;
				CLANG_WARN_COMMA = YES;
				CLANG_WARN_CONSTANT_CONVERSION = YES;
				CLANG_WARN_DEPRECATED_OBJC_IMPLEMENTATIONS = YES;
				CLANG_WARN_DIRECT_OBJC_ISA_USAGE = YES_ERROR;
				CLANG_WARN_DOCUMENTATION_COMMENTS = YES;
				CLANG_WARN_EMPTY_BODY = YES;
				CLANG_WARN_ENUM_CONVERSION = YES;
				CLANG_WARN_INFINITE_RECURSION = YES;
				CLANG_WARN_INT_CONVERSION = YES;
				CLANG_WARN_NON_LITERAL_NULL_CONVERSION = YES;
				CLANG_WARN_OBJC_IMPLICIT_RETAIN_SELF = YES;
				CLANG_WARN_OBJC_LITERAL_CONVERSION = YES;
				CLANG_WARN_OBJC_ROOT_CLASS = YES_ERROR;
				CLANG_WARN_QUOTED_INCLUDE_IN_FRAMEWORK_HEADER = YES;
				CLANG_WARN_RANGE_LOOP_ANALYSIS = YES;
				CLANG_WARN_STRICT_PROTOTYPES = YES;
				CLANG_WARN_SUSPICIOUS_MOVE = YES;
				CLANG_WARN_UNGUARDED_AVAILABILITY = YES_AGGRESSIVE;
				CLANG_WARN_UNREACHABLE_CODE = YES;
				CLANG_WARN__DUPLICATE_METHOD_MATCH = YES;
				COPY_PHASE_STRIP = NO;
				DEBUG_INFORMATION_FORMAT = dwarf;
				ENABLE_STRICT_OBJC_MSGSEND = YES;
				ENABLE_TESTABILITY = YES;
				GCC_C_LANGUAGE_STANDARD = gnu11;
				GCC_DYNAMIC_NO_PIC = NO;
				GCC_NO_COMMON_BLOCKS = YES;
				GCC_OPTIMIZATION_LEVEL = 0;
				GCC_PREPROCESSOR_DEFINITIONS = (
					"DEBUG=1",
					"$(inherited)",
				);
				GCC_WARN_64_TO_32_BIT_CONVERSION = YES;
				GCC_WARN_ABOUT_RETURN_TYPE = YES_ERROR;
				GCC_WARN_UNDECLARED_SELECTOR = YES;
				GCC_WARN_UNINITIALIZED_AUTOS = YES_AGGRESSIVE;
				GCC_WARN_UNUSED_FUNCTION = YES;
				GCC_WARN_UNUSED_VARIABLE = YES;
				IPHONEOS_DEPLOYMENT_TARGET = 16.4;
				MTL_ENABLE_DEBUG_INFO = INCLUDE_SOURCE;
				MTL_FAST_MATH = YES;
				ONLY_ACTIVE_ARCH = YES;
				SDKROOT = iphoneos;
				SWIFT_ACTIVE_COMPILATION_CONDITIONS = DEBUG;
				SWIFT_OPTIMIZATION_LEVEL = "-Onone";
			};
			name = Debug;
		};
		37A4E2F829D8A97800AD2B3E /* Release */ = {
			isa = XCBuildConfiguration;
			buildSettings = {
				ALWAYS_SEARCH_USER_PATHS = NO;
				CLANG_ANALYZER_NONNULL = YES;
				CLANG_ANALYZER_NUMBER_OBJECT_CONVERSION = YES_AGGRESSIVE;
				CLANG_CXX_LANGUAGE_STANDARD = "gnu++20";
				CLANG_ENABLE_MODULES = YES;
				CLANG_ENABLE_OBJC_ARC = YES;
				CLANG_ENABLE_OBJC_WEAK = YES;
				CLANG_WARN_BLOCK_CAPTURE_AUTORELEASING = YES;
				CLANG_WARN_BOOL_CONVERSION = YES;
				CLANG_WARN_COMMA = YES;
				CLANG_WARN_CONSTANT_CONVERSION = YES;
				CLANG_WARN_DEPRECATED_OBJC_IMPLEMENTATIONS = YES;
				CLANG_WARN_DIRECT_OBJC_ISA_USAGE = YES_ERROR;
				CLANG_WARN_DOCUMENTATION_COMMENTS = YES;
				CLANG_WARN_EMPTY_BODY = YES;
				CLANG_WARN_ENUM_CONVERSION = YES;
				CLANG_WARN_INFINITE_RECURSION = YES;
				CLANG_WARN_INT_CONVERSION = YES;
				CLANG_WARN_NON_LITERAL_NULL_CONVERSION = YES;
				CLANG_WARN_OBJC_IMPLICIT_RETAIN_SELF = YES;
				CLANG_WARN_OBJC_LITERAL_CONVERSION = YES;
				CLANG_WARN_OBJC_ROOT_CLASS = YES_ERROR;
				CLANG_WARN_QUOTED_INCLUDE_IN_FRAMEWORK_HEADER = YES;
				CLANG_WARN_RANGE_LOOP_ANALYSIS = YES;
				CLANG_WARN_STRICT_PROTOTYPES = YES;
				CLANG_WARN_SUSPICIOUS_MOVE = YES;
				CLANG_WARN_UNGUARDED_AVAILABILITY = YES_AGGRESSIVE;
				CLANG_WARN_UNREACHABLE_CODE = YES;
				CLANG_WARN__DUPLICATE_METHOD_MATCH = YES;
				COPY_PHASE_STRIP = NO;
				DEBUG_INFORMATION_FORMAT = "dwarf-with-dsym";
				ENABLE_NS_ASSERTIONS = NO;
				ENABLE_STRICT_OBJC_MSGSEND = YES;
				GCC_C_LANGUAGE_STANDARD = gnu11;
				GCC_NO_COMMON_BLOCKS = YES;
				GCC_WARN_64_TO_32_BIT_CONVERSION = YES;
				GCC_WARN_ABOUT_RETURN_TYPE = YES_ERROR;
				GCC_WARN_UNDECLARED_SELECTOR = YES;
				GCC_WARN_UNINITIALIZED_AUTOS = YES_AGGRESSIVE;
				GCC_WARN_UNUSED_FUNCTION = YES;
				GCC_WARN_UNUSED_VARIABLE = YES;
				IPHONEOS_DEPLOYMENT_TARGET = 16.4;
				MTL_ENABLE_DEBUG_INFO = NO;
				MTL_FAST_MATH = YES;
				SDKROOT = iphoneos;
				SWIFT_COMPILATION_MODE = wholemodule;
				SWIFT_OPTIMIZATION_LEVEL = "-O";
				VALIDATE_PRODUCT = YES;
			};
			name = Release;
		};
		37A4E2FA29D8A97800AD2B3E /* Debug */ = {
			isa = XCBuildConfiguration;
			buildSettings = {
				ASSETCATALOG_COMPILER_APPICON_NAME = AppIcon;
				ASSETCATALOG_COMPILER_GLOBAL_ACCENT_COLOR_NAME = AccentColor;
				CODE_SIGN_STYLE = Automatic;
				CURRENT_PROJECT_VERSION = 1;
				DEVELOPMENT_TEAM = 2JBA92AKK9;
				GENERATE_INFOPLIST_FILE = YES;
				INFOPLIST_FILE = SMovie/Resources/Info.plist;
				INFOPLIST_KEY_CFBundleDisplayName = SMovie;
				INFOPLIST_KEY_LSApplicationCategoryType = "public.app-category.entertainment";
				INFOPLIST_KEY_UIApplicationSupportsIndirectInputEvents = YES;
				INFOPLIST_KEY_UILaunchStoryboardName = LaunchScreen;
				INFOPLIST_KEY_UIMainStoryboardFile = "";
				INFOPLIST_KEY_UISupportedInterfaceOrientations = UIInterfaceOrientationPortrait;
				INFOPLIST_KEY_UISupportedInterfaceOrientations_iPad = "UIInterfaceOrientationLandscapeLeft UIInterfaceOrientationLandscapeRight UIInterfaceOrientationPortrait UIInterfaceOrientationPortraitUpsideDown";
				IPHONEOS_DEPLOYMENT_TARGET = 13.0;
				LD_RUNPATH_SEARCH_PATHS = (
					"$(inherited)",
					"@executable_path/Frameworks",
				);
				MARKETING_VERSION = 1.0;
				PRODUCT_BUNDLE_IDENTIFIER = com.qewhouse.SMovie;
				PRODUCT_NAME = "$(TARGET_NAME)";
				SUPPORTED_PLATFORMS = "iphoneos iphonesimulator";
				SUPPORTS_MACCATALYST = NO;
				SUPPORTS_MAC_DESIGNED_FOR_IPHONE_IPAD = NO;
				SWIFT_EMIT_LOC_STRINGS = YES;
				SWIFT_VERSION = 5.0;
				TARGETED_DEVICE_FAMILY = 1;
			};
			name = Debug;
		};
		37A4E2FB29D8A97800AD2B3E /* Release */ = {
			isa = XCBuildConfiguration;
			buildSettings = {
				ASSETCATALOG_COMPILER_APPICON_NAME = AppIcon;
				ASSETCATALOG_COMPILER_GLOBAL_ACCENT_COLOR_NAME = AccentColor;
				CODE_SIGN_STYLE = Automatic;
				CURRENT_PROJECT_VERSION = 1;
				DEVELOPMENT_TEAM = 2JBA92AKK9;
				GENERATE_INFOPLIST_FILE = YES;
				INFOPLIST_FILE = SMovie/Resources/Info.plist;
				INFOPLIST_KEY_CFBundleDisplayName = SMovie;
				INFOPLIST_KEY_LSApplicationCategoryType = "public.app-category.entertainment";
				INFOPLIST_KEY_UIApplicationSupportsIndirectInputEvents = YES;
				INFOPLIST_KEY_UILaunchStoryboardName = LaunchScreen;
				INFOPLIST_KEY_UIMainStoryboardFile = "";
				INFOPLIST_KEY_UISupportedInterfaceOrientations = UIInterfaceOrientationPortrait;
				INFOPLIST_KEY_UISupportedInterfaceOrientations_iPad = "UIInterfaceOrientationLandscapeLeft UIInterfaceOrientationLandscapeRight UIInterfaceOrientationPortrait UIInterfaceOrientationPortraitUpsideDown";
				IPHONEOS_DEPLOYMENT_TARGET = 13.0;
				LD_RUNPATH_SEARCH_PATHS = (
					"$(inherited)",
					"@executable_path/Frameworks",
				);
				MARKETING_VERSION = 1.0;
				PRODUCT_BUNDLE_IDENTIFIER = com.qewhouse.SMovie;
				PRODUCT_NAME = "$(TARGET_NAME)";
				SUPPORTED_PLATFORMS = "iphoneos iphonesimulator";
				SUPPORTS_MACCATALYST = NO;
				SUPPORTS_MAC_DESIGNED_FOR_IPHONE_IPAD = NO;
				SWIFT_EMIT_LOC_STRINGS = YES;
				SWIFT_VERSION = 5.0;
				TARGETED_DEVICE_FAMILY = 1;
			};
			name = Release;
		};
/* End XCBuildConfiguration section */

/* Begin XCConfigurationList section */
		37A4E2E029D8A97800AD2B3E /* Build configuration list for PBXProject "SMovie" */ = {
			isa = XCConfigurationList;
			buildConfigurations = (
				37A4E2F729D8A97800AD2B3E /* Debug */,
				37A4E2F829D8A97800AD2B3E /* Release */,
			);
			defaultConfigurationIsVisible = 0;
			defaultConfigurationName = Release;
		};
		37A4E2F929D8A97800AD2B3E /* Build configuration list for PBXNativeTarget "SMovie" */ = {
			isa = XCConfigurationList;
			buildConfigurations = (
				37A4E2FA29D8A97800AD2B3E /* Debug */,
				37A4E2FB29D8A97800AD2B3E /* Release */,
			);
			defaultConfigurationIsVisible = 0;
			defaultConfigurationName = Release;
		};
/* End XCConfigurationList section */

/* Begin XCRemoteSwiftPackageReference section */
		37A4E32729E8B3CB00AD2B3E /* XCRemoteSwiftPackageReference "SnapKit" */ = {
			isa = XCRemoteSwiftPackageReference;
			repositoryURL = "https://github.com/SnapKit/SnapKit";
			requirement = {
				kind = upToNextMajorVersion;
				minimumVersion = 5.0.0;
			};
		};
/* End XCRemoteSwiftPackageReference section */

/* Begin XCSwiftPackageProductDependency section */
		37A4E32829E8B3CB00AD2B3E /* SnapKit */ = {
			isa = XCSwiftPackageProductDependency;
			package = 37A4E32729E8B3CB00AD2B3E /* XCRemoteSwiftPackageReference "SnapKit" */;
			productName = SnapKit;
		};
/* End XCSwiftPackageProductDependency section */

/* Begin XCVersionGroup section */
		6D03485729E986CD00801CED /* SaveMovieCoreDataModel.xcdatamodeld */ = {
			isa = XCVersionGroup;
			children = (
				6D03485829E986CD00801CED /* SaveMovieCoreDataModel.xcdatamodel */,
			);
			currentVersion = 6D03485829E986CD00801CED /* SaveMovieCoreDataModel.xcdatamodel */;
			path = SaveMovieCoreDataModel.xcdatamodeld;
			sourceTree = "<group>";
			versionGroupType = wrapper.xcdatamodel;
		};
/* End XCVersionGroup section */
	};
	rootObject = 37A4E2DD29D8A97800AD2B3E /* Project object */;
}
